
Microsoft Visual Studio Solution File, Format Version 12.00
# Visual Studio 2015
Project("{FAE04EC0-301F-11D3-BF4B-00C04F79EFBC}") = "ggj16-wayang.CSharp.Plugins", "ggj16-wayang.CSharp.Plugins.csproj", "{50647F3C-D5BB-2A31-26AC-E228B0E5F4F9}"
EndProject
Project("{FAE04EC0-301F-11D3-BF4B-00C04F79EFBC}") = "ggj16-wayang.CSharp", "ggj16-wayang.CSharp.csproj", "{2F2B7122-1A82-4B41-DE4F-0C690E43238E}"
EndProject
Project("{FAE04EC0-301F-11D3-BF4B-00C04F79EFBC}") = "ggj16-wayang.CSharp.Editor", "ggj16-wayang.CSharp.Editor.csproj", "{256A82E4-6D32-80C8-51D3-981A284625FA}"
EndProject
Global
	GlobalSection(SolutionConfigurationPlatforms) = preSolution
		Debug|Any CPU = Debug|Any CPU
		Release|Any CPU = Release|Any CPU
	EndGlobalSection
	GlobalSection(ProjectConfigurationPlatforms) = postSolution
		{50647F3C-D5BB-2A31-26AC-E228B0E5F4F9}.Debug|Any CPU.ActiveCfg = Debug|Any CPU
		{50647F3C-D5BB-2A31-26AC-E228B0E5F4F9}.Debug|Any CPU.Build.0 = Debug|Any CPU
		{50647F3C-D5BB-2A31-26AC-E228B0E5F4F9}.Release|Any CPU.ActiveCfg = Release|Any CPU
		{50647F3C-D5BB-2A31-26AC-E228B0E5F4F9}.Release|Any CPU.Build.0 = Release|Any CPU
		{2F2B7122-1A82-4B41-DE4F-0C690E43238E}.Debug|Any CPU.ActiveCfg = Debug|Any CPU
		{2F2B7122-1A82-4B41-DE4F-0C690E43238E}.Debug|Any CPU.Build.0 = Debug|Any CPU
		{2F2B7122-1A82-4B41-DE4F-0C690E43238E}.Release|Any CPU.ActiveCfg = Release|Any CPU
		{2F2B7122-1A82-4B41-DE4F-0C690E43238E}.Release|Any CPU.Build.0 = Release|Any CPU
		{256A82E4-6D32-80C8-51D3-981A284625FA}.Debug|Any CPU.ActiveCfg = Debug|Any CPU
		{256A82E4-6D32-80C8-51D3-981A284625FA}.Debug|Any CPU.Build.0 = Debug|Any CPU
		{256A82E4-6D32-80C8-51D3-981A284625FA}.Release|Any CPU.ActiveCfg = Release|Any CPU
		{256A82E4-6D32-80C8-51D3-981A284625FA}.Release|Any CPU.Build.0 = Release|Any CPU
	EndGlobalSection
	GlobalSection(SolutionProperties) = preSolution
		HideSolutionNode = FALSE
	EndGlobalSection
EndGlobal
